{
  "name": "csv42-benchmark",
  "lockfileVersion": 2,
  "requires": true,
  "packages": {
    "": {
      "name": "csv42-benchmark",
      "dependencies": {
        "@types/benchmark": "2.1.2",
        "@types/flat": "5.0.2",
        "@types/json2csv": "5.0.3",
        "@types/lodash-es": "4.17.9",
        "@types/papaparse": "5.3.8",
        "benchmark": "2.1.4",
        "csv": "6.3.3",
        "csv-parser": "3.0.0",
        "csv-stringify": "6.4.2",
        "fast-csv": "4.3.6",
        "flat": "5.0.2",
        "json-2-csv": "4.1.0",
        "json2csv": "5.0.7",
        "lodash-es": "4.17.21",
        "papaparse": "5.4.1",
        "typescript": "5.2.2"
      }
    },
    "..": {
      "version": "5.0.0",
      "extraneous": true,
      "devDependencies": {
        "@babel/cli": "7.22.15",
        "@babel/core": "7.22.15",
        "@babel/plugin-transform-typescript": "7.22.15",
        "@babel/preset-env": "7.22.15",
        "@babel/preset-typescript": "7.22.15",
        "@commitlint/cli": "17.7.1",
        "@commitlint/config-conventional": "17.7.0",
        "@vitest/coverage-c8": "0.31.3",
        "@vitest/coverage-v8": "0.34.3",
        "cpy-cli": "5.0.0",
        "csv-spectrum": "1.0.0",
        "del-cli": "5.1.0",
        "husky": "^8.0.3",
        "npm-run-all": "4.1.5",
        "prettier": "3.0.3",
        "standard-version": "9.5.0",
        "typescript": "5.2.2",
        "uglify-js": "3.17.4",
        "vite": "4.4.9",
        "vitest": "0.34.3"
      }
    },
    "node_modules/@fast-csv/format": {
      "version": "4.3.5",
      "resolved": "https://registry.npmjs.org/@fast-csv/format/-/format-4.3.5.tgz",
      "integrity": "sha512-8iRn6QF3I8Ak78lNAa+Gdl5MJJBM5vRHivFtMRUWINdevNo00K7OXxS2PshawLKTejVwieIlPmK5YlLu6w4u8A==",
      "dependencies": {
        "@types/node": "^14.0.1",
        "lodash.escaperegexp": "^4.1.2",
        "lodash.isboolean": "^3.0.3",
        "lodash.isequal": "^4.5.0",
        "lodash.isfunction": "^3.0.9",
        "lodash.isnil": "^4.0.0"
      }
    },
    "node_modules/@fast-csv/format/node_modules/@types/node": {
      "version": "14.18.36",
      "resolved": "https://registry.npmjs.org/@types/node/-/node-14.18.36.tgz",
      "integrity": "sha512-FXKWbsJ6a1hIrRxv+FoukuHnGTgEzKYGi7kilfMae96AL9UNkPFNWJEEYWzdRI9ooIkbr4AKldyuSTLql06vLQ=="
    },
    "node_modules/@fast-csv/parse": {
      "version": "4.3.6",
      "resolved": "https://registry.npmjs.org/@fast-csv/parse/-/parse-4.3.6.tgz",
      "integrity": "sha512-uRsLYksqpbDmWaSmzvJcuApSEe38+6NQZBUsuAyMZKqHxH0g1wcJgsKUvN3WC8tewaqFjBMMGrkHmC+T7k8LvA==",
      "dependencies": {
        "@types/node": "^14.0.1",
        "lodash.escaperegexp": "^4.1.2",
        "lodash.groupby": "^4.6.0",
        "lodash.isfunction": "^3.0.9",
        "lodash.isnil": "^4.0.0",
        "lodash.isundefined": "^3.0.1",
        "lodash.uniq": "^4.5.0"
      }
    },
    "node_modules/@fast-csv/parse/node_modules/@types/node": {
      "version": "14.18.36",
      "resolved": "https://registry.npmjs.org/@types/node/-/node-14.18.36.tgz",
      "integrity": "sha512-FXKWbsJ6a1hIrRxv+FoukuHnGTgEzKYGi7kilfMae96AL9UNkPFNWJEEYWzdRI9ooIkbr4AKldyuSTLql06vLQ=="
    },
    "node_modules/@types/benchmark": {
      "version": "2.1.2",
      "resolved": "https://registry.npmjs.org/@types/benchmark/-/benchmark-2.1.2.tgz",
      "integrity": "sha512-EDKtLYNMKrig22jEvhXq8TBFyFgVNSPmDF2b9UzJ7+eylPqdZVo17PCUMkn1jP6/1A/0u78VqYC6VrX6b8pDWA=="
    },
    "node_modules/@types/flat": {
      "version": "5.0.2",
      "resolved": "https://registry.npmjs.org/@types/flat/-/flat-5.0.2.tgz",
      "integrity": "sha512-3zsplnP2djeps5P9OyarTxwRpMLoe5Ash8aL9iprw0JxB+FAHjY+ifn4yZUuW4/9hqtnmor6uvjSRzJhiVbrEQ=="
    },
    "node_modules/@types/json2csv": {
      "version": "5.0.3",
      "resolved": "https://registry.npmjs.org/@types/json2csv/-/json2csv-5.0.3.tgz",
      "integrity": "sha512-ZJEv6SzhPhgpBpxZU4n/TZekbZqI4EcyXXRwms1lAITG2kIAtj85PfNYafUOY1zy8bWs5ujaub0GU4copaA0sw==",
      "dependencies": {
        "@types/node": "*"
      }
    },
    "node_modules/@types/lodash": {
      "version": "4.14.191",
      "resolved": "https://registry.npmjs.org/@types/lodash/-/lodash-4.14.191.tgz",
      "integrity": "sha512-BdZ5BCCvho3EIXw6wUCXHe7rS53AIDPLE+JzwgT+OsJk53oBfbSmZZ7CX4VaRoN78N+TJpFi9QPlfIVNmJYWxQ=="
    },
    "node_modules/@types/lodash-es": {
      "version": "4.17.9",
      "resolved": "https://registry.npmjs.org/@types/lodash-es/-/lodash-es-4.17.9.tgz",
      "integrity": "sha512-ZTcmhiI3NNU7dEvWLZJkzG6ao49zOIjEgIE0RgV7wbPxU0f2xT3VSAHw2gmst8swH6V0YkLRGp4qPlX/6I90MQ==",
      "dependencies": {
        "@types/lodash": "*"
      }
    },
    "node_modules/@types/node": {
      "version": "18.13.0",
      "resolved": "https://registry.npmjs.org/@types/node/-/node-18.13.0.tgz",
      "integrity": "sha512-gC3TazRzGoOnoKAhUx+Q0t8S9Tzs74z7m0ipwGpSqQrleP14hKxP4/JUeEQcD3W1/aIpnWl8pHowI7WokuZpXg=="
    },
    "node_modules/@types/papaparse": {
      "version": "5.3.8",
      "resolved": "https://registry.npmjs.org/@types/papaparse/-/papaparse-5.3.8.tgz",
      "integrity": "sha512-ArKIEOOWULbhi53wkAiRy1ze4wvrTfhpAj7Yfzva+EkmX2sV8PpFB+xqzJfzXNzK4me95FJH9QZt5NXFVGzOoQ==",
      "dependencies": {
        "@types/node": "*"
      }
    },
    "node_modules/benchmark": {
      "version": "2.1.4",
      "resolved": "https://registry.npmjs.org/benchmark/-/benchmark-2.1.4.tgz",
      "integrity": "sha512-l9MlfN4M1K/H2fbhfMy3B7vJd6AGKJVQn2h6Sg/Yx+KckoUA7ewS5Vv6TjSq18ooE1kS9hhAlQRH3AkXIh/aOQ==",
      "dependencies": {
        "lodash": "^4.17.4",
        "platform": "^1.3.3"
      }
    },
    "node_modules/commander": {
      "version": "6.2.1",
      "resolved": "https://registry.npmjs.org/commander/-/commander-6.2.1.tgz",
      "integrity": "sha512-U7VdrJFnJgo4xjrHpTzu0yrHPGImdsmD95ZlgYSEajAn2JKzDhDTPG9kBTefmObL2w/ngeZnilk+OV9CG3d7UA==",
      "engines": {
        "node": ">= 6"
      }
    },
    "node_modules/csv": {
      "version": "6.3.3",
      "resolved": "https://registry.npmjs.org/csv/-/csv-6.3.3.tgz",
      "integrity": "sha512-TuOM1iZgdDiB6IuwJA8oqeu7g61d9CU9EQJGzCJ1AE03amPSh/UK5BMjAVx+qZUBb/1XEo133WHzWSwifa6Yqw==",
      "dependencies": {
        "csv-generate": "^4.2.8",
        "csv-parse": "^5.5.0",
        "csv-stringify": "^6.4.2",
        "stream-transform": "^3.2.8"
      },
      "engines": {
        "node": ">= 0.1.90"
      }
    },
    "node_modules/csv-generate": {
      "version": "4.2.8",
      "resolved": "https://registry.npmjs.org/csv-generate/-/csv-generate-4.2.8.tgz",
      "integrity": "sha512-qQ5CUs4I58kfo90EDBKjdp0SpJ3xWnN1Xk1lZ1ITvfvMtNRf+jrEP8tNPeEPiI9xJJ6Bd/km/1hMjyYlTpY42g=="
    },
    "node_modules/csv-parse": {
      "version": "5.5.0",
      "resolved": "https://registry.npmjs.org/csv-parse/-/csv-parse-5.5.0.tgz",
      "integrity": "sha512-RxruSK3M4XgzcD7Trm2wEN+SJ26ChIb903+IWxNOcB5q4jT2Cs+hFr6QP39J05EohshRFEvyzEBoZ/466S2sbw=="
    },
    "node_modules/csv-parser": {
      "version": "3.0.0",
      "resolved": "https://registry.npmjs.org/csv-parser/-/csv-parser-3.0.0.tgz",
      "integrity": "sha512-s6OYSXAK3IdKqYO33y09jhypG/bSDHPuyCme/IdEHfWpLf/jKcpitVFyOC6UemgGk8v7Q5u2XE0vvwmanxhGlQ==",
      "dependencies": {
        "minimist": "^1.2.0"
      },
      "bin": {
        "csv-parser": "bin/csv-parser"
      },
      "engines": {
        "node": ">= 10"
      }
    },
    "node_modules/csv-stringify": {
      "version": "6.4.2",
      "resolved": "https://registry.npmjs.org/csv-stringify/-/csv-stringify-6.4.2.tgz",
      "integrity": "sha512-DXIdnnCUQYjDKTu6TgCSzRDiAuLxDjhl4ErFP9FGMF3wzBGOVMg9bZTLaUcYtuvhXgNbeXPKeaRfpgyqE4xySw=="
    },
    "node_modules/deeks": {
      "version": "3.0.1",
      "resolved": "https://registry.npmjs.org/deeks/-/deeks-3.0.1.tgz",
      "integrity": "sha512-rBAWIXSKXvGQOdG5GLGaGMfOCHvvHln2fFJ2UW8cvJouoAhOiNiLGHLYYcyqpeNQ93vPBeRuzv1bAr8bvceakw==",
      "engines": {
        "node": ">= 16"
      }
    },
    "node_modules/doc-path": {
      "version": "4.0.1",
      "resolved": "https://registry.npmjs.org/doc-path/-/doc-path-4.0.1.tgz",
      "integrity": "sha512-3EpO6FV6R1f4dimmTBhDCqqWZFZGTLGoagojNONcH3fWabtCh+SwSlzk2xNeajzaPvDAOxUUN6euh0JajTQ4Zg==",
      "engines": {
        "node": ">=16"
      }
    },
    "node_modules/fast-csv": {
      "version": "4.3.6",
      "resolved": "https://registry.npmjs.org/fast-csv/-/fast-csv-4.3.6.tgz",
      "integrity": "sha512-2RNSpuwwsJGP0frGsOmTb9oUF+VkFSM4SyLTDgwf2ciHWTarN0lQTC+F2f/t5J9QjW+c65VFIAAu85GsvMIusw==",
      "dependencies": {
        "@fast-csv/format": "4.3.5",
        "@fast-csv/parse": "4.3.6"
      },
      "engines": {
        "node": ">=10.0.0"
      }
    },
    "node_modules/flat": {
      "version": "5.0.2",
      "resolved": "https://registry.npmjs.org/flat/-/flat-5.0.2.tgz",
      "integrity": "sha512-b6suED+5/3rTpUBdG1gupIl8MPFCAMA0QXwmljLhvCUKcUvdE4gWky9zpuGCcXHOsz4J9wPGNWq6OKpmIzz3hQ==",
      "bin": {
        "flat": "cli.js"
      }
    },
    "node_modules/json-2-csv": {
      "version": "4.1.0",
      "resolved": "https://registry.npmjs.org/json-2-csv/-/json-2-csv-4.1.0.tgz",
      "integrity": "sha512-O/8UMNeXOuQ3ztsuMpkr7ybE+GEL3KVwOX5qdXBt44Qabt3UdNCIuUMGPNMQ6LPxZZZHfw5UxjMclxZ4IU2lTQ==",
      "dependencies": {
        "deeks": "3.0.1",
        "doc-path": "4.0.1"
      },
      "engines": {
        "node": ">= 16"
      }
    },
    "node_modules/json2csv": {
      "version": "5.0.7",
      "resolved": "https://registry.npmjs.org/json2csv/-/json2csv-5.0.7.tgz",
      "integrity": "sha512-YRZbUnyaJZLZUJSRi2G/MqahCyRv9n/ds+4oIetjDF3jWQA7AG7iSeKTiZiCNqtMZM7HDyt0e/W6lEnoGEmMGA==",
      "deprecated": "Package no longer supported. Contact Support at https://www.npmjs.com/support for more info.",
      "dependencies": {
        "commander": "^6.1.0",
        "jsonparse": "^1.3.1",
        "lodash.get": "^4.4.2"
      },
      "bin": {
        "json2csv": "bin/json2csv.js"
      },
      "engines": {
        "node": ">= 10",
        "npm": ">= 6.13.0"
      }
    },
    "node_modules/jsonparse": {
      "version": "1.3.1",
      "resolved": "https://registry.npmjs.org/jsonparse/-/jsonparse-1.3.1.tgz",
      "integrity": "sha512-POQXvpdL69+CluYsillJ7SUhKvytYjW9vG/GKpnf+xP8UWgYEM/RaMzHHofbALDiKbbP1W8UEYmgGl39WkPZsg==",
      "engines": [
        "node >= 0.2.0"
      ]
    },
    "node_modules/lodash": {
      "version": "4.17.21",
      "resolved": "https://registry.npmjs.org/lodash/-/lodash-4.17.21.tgz",
      "integrity": "sha512-v2kDEe57lecTulaDIuNTPy3Ry4gLGJ6Z1O3vE1krgXZNrsQ+LFTGHVxVjcXPs17LhbZVGedAJv8XZ1tvj5FvSg=="
    },
    "node_modules/lodash-es": {
      "version": "4.17.21",
      "resolved": "https://registry.npmjs.org/lodash-es/-/lodash-es-4.17.21.tgz",
      "integrity": "sha512-mKnC+QJ9pWVzv+C4/U3rRsHapFfHvQFoFB92e52xeyGMcX6/OlIl78je1u8vePzYZSkkogMPJ2yjxxsb89cxyw=="
    },
    "node_modules/lodash.escaperegexp": {
      "version": "4.1.2",
      "resolved": "https://registry.npmjs.org/lodash.escaperegexp/-/lodash.escaperegexp-4.1.2.tgz",
      "integrity": "sha512-TM9YBvyC84ZxE3rgfefxUWiQKLilstD6k7PTGt6wfbtXF8ixIJLOL3VYyV/z+ZiPLsVxAsKAFVwWlWeb2Y8Yyw=="
    },
    "node_modules/lodash.get": {
      "version": "4.4.2",
      "resolved": "https://registry.npmjs.org/lodash.get/-/lodash.get-4.4.2.tgz",
      "integrity": "sha512-z+Uw/vLuy6gQe8cfaFWD7p0wVv8fJl3mbzXh33RS+0oW2wvUqiRXiQ69gLWSLpgB5/6sU+r6BlQR0MBILadqTQ=="
    },
    "node_modules/lodash.groupby": {
      "version": "4.6.0",
      "resolved": "https://registry.npmjs.org/lodash.groupby/-/lodash.groupby-4.6.0.tgz",
      "integrity": "sha512-5dcWxm23+VAoz+awKmBaiBvzox8+RqMgFhi7UvX9DHZr2HdxHXM/Wrf8cfKpsW37RNrvtPn6hSwNqurSILbmJw=="
    },
    "node_modules/lodash.isboolean": {
      "version": "3.0.3",
      "resolved": "https://registry.npmjs.org/lodash.isboolean/-/lodash.isboolean-3.0.3.tgz",
      "integrity": "sha512-Bz5mupy2SVbPHURB98VAcw+aHh4vRV5IPNhILUCsOzRmsTmSQ17jIuqopAentWoehktxGd9e/hbIXq980/1QJg=="
    },
    "node_modules/lodash.isequal": {
      "version": "4.5.0",
      "resolved": "https://registry.npmjs.org/lodash.isequal/-/lodash.isequal-4.5.0.tgz",
      "integrity": "sha512-pDo3lu8Jhfjqls6GkMgpahsF9kCyayhgykjyLMNFTKWrpVdAQtYyB4muAMWozBB4ig/dtWAmsMxLEI8wuz+DYQ=="
    },
    "node_modules/lodash.isfunction": {
      "version": "3.0.9",
      "resolved": "https://registry.npmjs.org/lodash.isfunction/-/lodash.isfunction-3.0.9.tgz",
      "integrity": "sha512-AirXNj15uRIMMPihnkInB4i3NHeb4iBtNg9WRWuK2o31S+ePwwNmDPaTL3o7dTJ+VXNZim7rFs4rxN4YU1oUJw=="
    },
    "node_modules/lodash.isnil": {
      "version": "4.0.0",
      "resolved": "https://registry.npmjs.org/lodash.isnil/-/lodash.isnil-4.0.0.tgz",
      "integrity": "sha512-up2Mzq3545mwVnMhTDMdfoG1OurpA/s5t88JmQX809eH3C8491iu2sfKhTfhQtKY78oPNhiaHJUpT/dUDAAtng=="
    },
    "node_modules/lodash.isundefined": {
      "version": "3.0.1",
      "resolved": "https://registry.npmjs.org/lodash.isundefined/-/lodash.isundefined-3.0.1.tgz",
      "integrity": "sha512-MXB1is3s899/cD8jheYYE2V9qTHwKvt+npCwpD+1Sxm3Q3cECXCiYHjeHWXNwr6Q0SOBPrYUDxendrO6goVTEA=="
    },
    "node_modules/lodash.uniq": {
      "version": "4.5.0",
      "resolved": "https://registry.npmjs.org/lodash.uniq/-/lodash.uniq-4.5.0.tgz",
      "integrity": "sha512-xfBaXQd9ryd9dlSDvnvI0lvxfLJlYAZzXomUYzLKtUeOQvOP5piqAWuGtrhWeqaXK9hhoM/iyJc5AV+XfsX3HQ=="
    },
    "node_modules/minimist": {
      "version": "1.2.8",
      "resolved": "https://registry.npmjs.org/minimist/-/minimist-1.2.8.tgz",
      "integrity": "sha512-2yyAR8qBkN3YuheJanUpWC5U3bb5osDywNB8RzDVlDwDHbocAJveqqj1u8+SVD7jkWT4yvsHCpWqqWqAxb0zCA==",
      "funding": {
        "url": "https://github.com/sponsors/ljharb"
      }
    },
    "node_modules/papaparse": {
      "version": "5.4.1",
      "resolved": "https://registry.npmjs.org/papaparse/-/papaparse-5.4.1.tgz",
      "integrity": "sha512-HipMsgJkZu8br23pW15uvo6sib6wne/4woLZPlFf3rpDyMe9ywEXUsuD7+6K9PRkJlVT51j/sCOYDKGGS3ZJrw=="
    },
    "node_modules/platform": {
      "version": "1.3.6",
      "resolved": "https://registry.npmjs.org/platform/-/platform-1.3.6.tgz",
      "integrity": "sha512-fnWVljUchTro6RiCFvCXBbNhJc2NijN7oIQxbwsyL0buWJPG85v81ehlHI9fXrJsMNgTofEoWIQeClKpgxFLrg=="
    },
    "node_modules/stream-transform": {
      "version": "3.2.8",
      "resolved": "https://registry.npmjs.org/stream-transform/-/stream-transform-3.2.8.tgz",
      "integrity": "sha512-NUx0mBuI63KbNEEh9Yj0OzKB7iMOSTpkuODM2G7By+TTVihEIJ0cYp5X+pq/TdJRlsznt6CYR8HqxexyC6/bTw=="
    },
    "node_modules/typescript": {
      "version": "5.2.2",
      "resolved": "https://registry.npmjs.org/typescript/-/typescript-5.2.2.tgz",
      "integrity": "sha512-mI4WrpHsbCIcwT9cF4FZvr80QUeKvsUsUvKDoR+X/7XHQH98xYD8YHZg7ANtz2GtZt/CBq2QJ0thkGJMHfqc1w==",
      "bin": {
        "tsc": "bin/tsc",
        "tsserver": "bin/tsserver"
      },
      "engines": {
        "node": ">=14.17"
      }
    }
  },
  "dependencies": {
    "@fast-csv/format": {
      "version": "4.3.5",
      "resolved": "https://registry.npmjs.org/@fast-csv/format/-/format-4.3.5.tgz",
      "integrity": "sha512-8iRn6QF3I8Ak78lNAa+Gdl5MJJBM5vRHivFtMRUWINdevNo00K7OXxS2PshawLKTejVwieIlPmK5YlLu6w4u8A==",
      "requires": {
        "@types/node": "^14.0.1",
        "lodash.escaperegexp": "^4.1.2",
        "lodash.isboolean": "^3.0.3",
        "lodash.isequal": "^4.5.0",
        "lodash.isfunction": "^3.0.9",
        "lodash.isnil": "^4.0.0"
      },
      "dependencies": {
        "@types/node": {
          "version": "14.18.36",
          "resolved": "https://registry.npmjs.org/@types/node/-/node-14.18.36.tgz",
          "integrity": "sha512-FXKWbsJ6a1hIrRxv+FoukuHnGTgEzKYGi7kilfMae96AL9UNkPFNWJEEYWzdRI9ooIkbr4AKldyuSTLql06vLQ=="
        }
      }
    },
    "@fast-csv/parse": {
      "version": "4.3.6",
      "resolved": "https://registry.npmjs.org/@fast-csv/parse/-/parse-4.3.6.tgz",
      "integrity": "sha512-uRsLYksqpbDmWaSmzvJcuApSEe38+6NQZBUsuAyMZKqHxH0g1wcJgsKUvN3WC8tewaqFjBMMGrkHmC+T7k8LvA==",
      "requires": {
        "@types/node": "^14.0.1",
        "lodash.escaperegexp": "^4.1.2",
        "lodash.groupby": "^4.6.0",
        "lodash.isfunction": "^3.0.9",
        "lodash.isnil": "^4.0.0",
        "lodash.isundefined": "^3.0.1",
        "lodash.uniq": "^4.5.0"
      },
      "dependencies": {
        "@types/node": {
          "version": "14.18.36",
          "resolved": "https://registry.npmjs.org/@types/node/-/node-14.18.36.tgz",
          "integrity": "sha512-FXKWbsJ6a1hIrRxv+FoukuHnGTgEzKYGi7kilfMae96AL9UNkPFNWJEEYWzdRI9ooIkbr4AKldyuSTLql06vLQ=="
        }
      }
    },
    "@types/benchmark": {
      "version": "2.1.2",
      "resolved": "https://registry.npmjs.org/@types/benchmark/-/benchmark-2.1.2.tgz",
      "integrity": "sha512-EDKtLYNMKrig22jEvhXq8TBFyFgVNSPmDF2b9UzJ7+eylPqdZVo17PCUMkn1jP6/1A/0u78VqYC6VrX6b8pDWA=="
    },
    "@types/flat": {
      "version": "5.0.2",
      "resolved": "https://registry.npmjs.org/@types/flat/-/flat-5.0.2.tgz",
      "integrity": "sha512-3zsplnP2djeps5P9OyarTxwRpMLoe5Ash8aL9iprw0JxB+FAHjY+ifn4yZUuW4/9hqtnmor6uvjSRzJhiVbrEQ=="
    },
    "@types/json2csv": {
      "version": "5.0.3",
      "resolved": "https://registry.npmjs.org/@types/json2csv/-/json2csv-5.0.3.tgz",
      "integrity": "sha512-ZJEv6SzhPhgpBpxZU4n/TZekbZqI4EcyXXRwms1lAITG2kIAtj85PfNYafUOY1zy8bWs5ujaub0GU4copaA0sw==",
      "requires": {
        "@types/node": "*"
      }
    },
    "@types/lodash": {
      "version": "4.14.191",
      "resolved": "https://registry.npmjs.org/@types/lodash/-/lodash-4.14.191.tgz",
      "integrity": "sha512-BdZ5BCCvho3EIXw6wUCXHe7rS53AIDPLE+JzwgT+OsJk53oBfbSmZZ7CX4VaRoN78N+TJpFi9QPlfIVNmJYWxQ=="
    },
    "@types/lodash-es": {
      "version": "4.17.9",
      "resolved": "https://registry.npmjs.org/@types/lodash-es/-/lodash-es-4.17.9.tgz",
      "integrity": "sha512-ZTcmhiI3NNU7dEvWLZJkzG6ao49zOIjEgIE0RgV7wbPxU0f2xT3VSAHw2gmst8swH6V0YkLRGp4qPlX/6I90MQ==",
      "requires": {
        "@types/lodash": "*"
      }
    },
    "@types/node": {
      "version": "18.13.0",
      "resolved": "https://registry.npmjs.org/@types/node/-/node-18.13.0.tgz",
      "integrity": "sha512-gC3TazRzGoOnoKAhUx+Q0t8S9Tzs74z7m0ipwGpSqQrleP14hKxP4/JUeEQcD3W1/aIpnWl8pHowI7WokuZpXg=="
    },
    "@types/papaparse": {
      "version": "5.3.8",
      "resolved": "https://registry.npmjs.org/@types/papaparse/-/papaparse-5.3.8.tgz",
      "integrity": "sha512-ArKIEOOWULbhi53wkAiRy1ze4wvrTfhpAj7Yfzva+EkmX2sV8PpFB+xqzJfzXNzK4me95FJH9QZt5NXFVGzOoQ==",
      "requires": {
        "@types/node": "*"
      }
    },
    "benchmark": {
      "version": "2.1.4",
      "resolved": "https://registry.npmjs.org/benchmark/-/benchmark-2.1.4.tgz",
      "integrity": "sha512-l9MlfN4M1K/H2fbhfMy3B7vJd6AGKJVQn2h6Sg/Yx+KckoUA7ewS5Vv6TjSq18ooE1kS9hhAlQRH3AkXIh/aOQ==",
      "requires": {
        "lodash": "^4.17.4",
        "platform": "^1.3.3"
      }
    },
    "commander": {
      "version": "6.2.1",
      "resolved": "https://registry.npmjs.org/commander/-/commander-6.2.1.tgz",
      "integrity": "sha512-U7VdrJFnJgo4xjrHpTzu0yrHPGImdsmD95ZlgYSEajAn2JKzDhDTPG9kBTefmObL2w/ngeZnilk+OV9CG3d7UA=="
    },
    "csv": {
      "version": "6.3.3",
      "resolved": "https://registry.npmjs.org/csv/-/csv-6.3.3.tgz",
      "integrity": "sha512-TuOM1iZgdDiB6IuwJA8oqeu7g61d9CU9EQJGzCJ1AE03amPSh/UK5BMjAVx+qZUBb/1XEo133WHzWSwifa6Yqw==",
      "requires": {
        "csv-generate": "^4.2.8",
        "csv-parse": "^5.5.0",
        "csv-stringify": "^6.4.2",
        "stream-transform": "^3.2.8"
      }
    },
    "csv-generate": {
      "version": "4.2.8",
      "resolved": "https://registry.npmjs.org/csv-generate/-/csv-generate-4.2.8.tgz",
      "integrity": "sha512-qQ5CUs4I58kfo90EDBKjdp0SpJ3xWnN1Xk1lZ1ITvfvMtNRf+jrEP8tNPeEPiI9xJJ6Bd/km/1hMjyYlTpY42g=="
    },
    "csv-parse": {
      "version": "5.5.0",
      "resolved": "https://registry.npmjs.org/csv-parse/-/csv-parse-5.5.0.tgz",
      "integrity": "sha512-RxruSK3M4XgzcD7Trm2wEN+SJ26ChIb903+IWxNOcB5q4jT2Cs+hFr6QP39J05EohshRFEvyzEBoZ/466S2sbw=="
    },
    "csv-parser": {
      "version": "3.0.0",
      "resolved": "https://registry.npmjs.org/csv-parser/-/csv-parser-3.0.0.tgz",
      "integrity": "sha512-s6OYSXAK3IdKqYO33y09jhypG/bSDHPuyCme/IdEHfWpLf/jKcpitVFyOC6UemgGk8v7Q5u2XE0vvwmanxhGlQ==",
      "requires": {
        "minimist": "^1.2.0"
      }
    },
    "csv-stringify": {
      "version": "6.4.2",
      "resolved": "https://registry.npmjs.org/csv-stringify/-/csv-stringify-6.4.2.tgz",
      "integrity": "sha512-DXIdnnCUQYjDKTu6TgCSzRDiAuLxDjhl4ErFP9FGMF3wzBGOVMg9bZTLaUcYtuvhXgNbeXPKeaRfpgyqE4xySw=="
    },
    "deeks": {
      "version": "3.0.1",
      "resolved": "https://registry.npmjs.org/deeks/-/deeks-3.0.1.tgz",
      "integrity": "sha512-rBAWIXSKXvGQOdG5GLGaGMfOCHvvHln2fFJ2UW8cvJouoAhOiNiLGHLYYcyqpeNQ93vPBeRuzv1bAr8bvceakw=="
    },
    "doc-path": {
      "version": "4.0.1",
      "resolved": "https://registry.npmjs.org/doc-path/-/doc-path-4.0.1.tgz",
      "integrity": "sha512-3EpO6FV6R1f4dimmTBhDCqqWZFZGTLGoagojNONcH3fWabtCh+SwSlzk2xNeajzaPvDAOxUUN6euh0JajTQ4Zg=="
    },
    "fast-csv": {
      "version": "4.3.6",
      "resolved": "https://registry.npmjs.org/fast-csv/-/fast-csv-4.3.6.tgz",
      "integrity": "sha512-2RNSpuwwsJGP0frGsOmTb9oUF+VkFSM4SyLTDgwf2ciHWTarN0lQTC+F2f/t5J9QjW+c65VFIAAu85GsvMIusw==",
      "requires": {
        "@fast-csv/format": "4.3.5",
        "@fast-csv/parse": "4.3.6"
      }
    },
    "flat": {
      "version": "5.0.2",
      "resolved": "https://registry.npmjs.org/flat/-/flat-5.0.2.tgz",
      "integrity": "sha512-b6suED+5/3rTpUBdG1gupIl8MPFCAMA0QXwmljLhvCUKcUvdE4gWky9zpuGCcXHOsz4J9wPGNWq6OKpmIzz3hQ=="
    },
    "json-2-csv": {
      "version": "4.1.0",
      "resolved": "https://registry.npmjs.org/json-2-csv/-/json-2-csv-4.1.0.tgz",
      "integrity": "sha512-O/8UMNeXOuQ3ztsuMpkr7ybE+GEL3KVwOX5qdXBt44Qabt3UdNCIuUMGPNMQ6LPxZZZHfw5UxjMclxZ4IU2lTQ==",
      "requires": {
        "deeks": "3.0.1",
        "doc-path": "4.0.1"
      }
    },
    "json2csv": {
      "version": "5.0.7",
      "resolved": "https://registry.npmjs.org/json2csv/-/json2csv-5.0.7.tgz",
      "integrity": "sha512-YRZbUnyaJZLZUJSRi2G/MqahCyRv9n/ds+4oIetjDF3jWQA7AG7iSeKTiZiCNqtMZM7HDyt0e/W6lEnoGEmMGA==",
      "requires": {
        "commander": "^6.1.0",
        "jsonparse": "^1.3.1",
        "lodash.get": "^4.4.2"
      }
    },
    "jsonparse": {
      "version": "1.3.1",
      "resolved": "https://registry.npmjs.org/jsonparse/-/jsonparse-1.3.1.tgz",
      "integrity": "sha512-POQXvpdL69+CluYsillJ7SUhKvytYjW9vG/GKpnf+xP8UWgYEM/RaMzHHofbALDiKbbP1W8UEYmgGl39WkPZsg=="
    },
    "lodash": {
      "version": "4.17.21",
      "resolved": "https://registry.npmjs.org/lodash/-/lodash-4.17.21.tgz",
      "integrity": "sha512-v2kDEe57lecTulaDIuNTPy3Ry4gLGJ6Z1O3vE1krgXZNrsQ+LFTGHVxVjcXPs17LhbZVGedAJv8XZ1tvj5FvSg=="
    },
    "lodash-es": {
      "version": "4.17.21",
      "resolved": "https://registry.npmjs.org/lodash-es/-/lodash-es-4.17.21.tgz",
      "integrity": "sha512-mKnC+QJ9pWVzv+C4/U3rRsHapFfHvQFoFB92e52xeyGMcX6/OlIl78je1u8vePzYZSkkogMPJ2yjxxsb89cxyw=="
    },
    "lodash.escaperegexp": {
      "version": "4.1.2",
      "resolved": "https://registry.npmjs.org/lodash.escaperegexp/-/lodash.escaperegexp-4.1.2.tgz",
      "integrity": "sha512-TM9YBvyC84ZxE3rgfefxUWiQKLilstD6k7PTGt6wfbtXF8ixIJLOL3VYyV/z+ZiPLsVxAsKAFVwWlWeb2Y8Yyw=="
    },
    "lodash.get": {
      "version": "4.4.2",
      "resolved": "https://registry.npmjs.org/lodash.get/-/lodash.get-4.4.2.tgz",
      "integrity": "sha512-z+Uw/vLuy6gQe8cfaFWD7p0wVv8fJl3mbzXh33RS+0oW2wvUqiRXiQ69gLWSLpgB5/6sU+r6BlQR0MBILadqTQ=="
    },
    "lodash.groupby": {
      "version": "4.6.0",
      "resolved": "https://registry.npmjs.org/lodash.groupby/-/lodash.groupby-4.6.0.tgz",
      "integrity": "sha512-5dcWxm23+VAoz+awKmBaiBvzox8+RqMgFhi7UvX9DHZr2HdxHXM/Wrf8cfKpsW37RNrvtPn6hSwNqurSILbmJw=="
    },
    "lodash.isboolean": {
      "version": "3.0.3",
      "resolved": "https://registry.npmjs.org/lodash.isboolean/-/lodash.isboolean-3.0.3.tgz",
      "integrity": "sha512-Bz5mupy2SVbPHURB98VAcw+aHh4vRV5IPNhILUCsOzRmsTmSQ17jIuqopAentWoehktxGd9e/hbIXq980/1QJg=="
    },
    "lodash.isequal": {
      "version": "4.5.0",
      "resolved": "https://registry.npmjs.org/lodash.isequal/-/lodash.isequal-4.5.0.tgz",
      "integrity": "sha512-pDo3lu8Jhfjqls6GkMgpahsF9kCyayhgykjyLMNFTKWrpVdAQtYyB4muAMWozBB4ig/dtWAmsMxLEI8wuz+DYQ=="
    },
    "lodash.isfunction": {
      "version": "3.0.9",
      "resolved": "https://registry.npmjs.org/lodash.isfunction/-/lodash.isfunction-3.0.9.tgz",
      "integrity": "sha512-AirXNj15uRIMMPihnkInB4i3NHeb4iBtNg9WRWuK2o31S+ePwwNmDPaTL3o7dTJ+VXNZim7rFs4rxN4YU1oUJw=="
    },
    "lodash.isnil": {
      "version": "4.0.0",
      "resolved": "https://registry.npmjs.org/lodash.isnil/-/lodash.isnil-4.0.0.tgz",
      "integrity": "sha512-up2Mzq3545mwVnMhTDMdfoG1OurpA/s5t88JmQX809eH3C8491iu2sfKhTfhQtKY78oPNhiaHJUpT/dUDAAtng=="
    },
    "lodash.isundefined": {
      "version": "3.0.1",
      "resolved": "https://registry.npmjs.org/lodash.isundefined/-/lodash.isundefined-3.0.1.tgz",
      "integrity": "sha512-MXB1is3s899/cD8jheYYE2V9qTHwKvt+npCwpD+1Sxm3Q3cECXCiYHjeHWXNwr6Q0SOBPrYUDxendrO6goVTEA=="
    },
    "lodash.uniq": {
      "version": "4.5.0",
      "resolved": "https://registry.npmjs.org/lodash.uniq/-/lodash.uniq-4.5.0.tgz",
      "integrity": "sha512-xfBaXQd9ryd9dlSDvnvI0lvxfLJlYAZzXomUYzLKtUeOQvOP5piqAWuGtrhWeqaXK9hhoM/iyJc5AV+XfsX3HQ=="
    },
    "minimist": {
      "version": "1.2.8",
      "resolved": "https://registry.npmjs.org/minimist/-/minimist-1.2.8.tgz",
      "integrity": "sha512-2yyAR8qBkN3YuheJanUpWC5U3bb5osDywNB8RzDVlDwDHbocAJveqqj1u8+SVD7jkWT4yvsHCpWqqWqAxb0zCA=="
    },
    "papaparse": {
      "version": "5.4.1",
      "resolved": "https://registry.npmjs.org/papaparse/-/papaparse-5.4.1.tgz",
      "integrity": "sha512-HipMsgJkZu8br23pW15uvo6sib6wne/4woLZPlFf3rpDyMe9ywEXUsuD7+6K9PRkJlVT51j/sCOYDKGGS3ZJrw=="
    },
    "platform": {
      "version": "1.3.6",
      "resolved": "https://registry.npmjs.org/platform/-/platform-1.3.6.tgz",
      "integrity": "sha512-fnWVljUchTro6RiCFvCXBbNhJc2NijN7oIQxbwsyL0buWJPG85v81ehlHI9fXrJsMNgTofEoWIQeClKpgxFLrg=="
    },
    "stream-transform": {
      "version": "3.2.8",
      "resolved": "https://registry.npmjs.org/stream-transform/-/stream-transform-3.2.8.tgz",
      "integrity": "sha512-NUx0mBuI63KbNEEh9Yj0OzKB7iMOSTpkuODM2G7By+TTVihEIJ0cYp5X+pq/TdJRlsznt6CYR8HqxexyC6/bTw=="
    },
    "typescript": {
      "version": "5.2.2",
      "resolved": "https://registry.npmjs.org/typescript/-/typescript-5.2.2.tgz",
      "integrity": "sha512-mI4WrpHsbCIcwT9cF4FZvr80QUeKvsUsUvKDoR+X/7XHQH98xYD8YHZg7ANtz2GtZt/CBq2QJ0thkGJMHfqc1w=="
    }
  }
}
